<?xml version="1.0" encoding="utf-8"?>
<Project ToolsVersion="17.0" xmlns="http://schemas.microsoft.com/developer/msbuild/2003">
  <ItemGroup>
    <CustomBuild Include="C:\k021g1165\DirectX\DirectXpre\assimp\CMakeFiles\f2a74e1d7db729e9d6040ee9cdd7757f\INSTALL_force.rule">
      <Filter>CMake Rules</Filter>
    </CustomBuild>
  </ItemGroup>
  <ItemGroup>
    <Filter Include="CMake Rules">
      <UniqueIdentifier>{4B1DB054-1B46-3742-93A9-F55BF290707A}</UniqueIdentifier>
    </Filter>
  </ItemGroup>
</Project>
