<?xml version="1.0" encoding="utf-8"?>
<Project ToolsVersion="4.0" xmlns="http://schemas.microsoft.com/developer/msbuild/2003">
  <ItemGroup>
    <Filter Include="ソース ファイル">
      <UniqueIdentifier>{4FC737F1-C7A5-4376-A066-2A32D752A2FF}</UniqueIdentifier>
      <Extensions>cpp;c;cc;cxx;c++;cppm;ixx;def;odl;idl;hpj;bat;asm;asmx</Extensions>
    </Filter>
    <Filter Include="ヘッダー ファイル">
      <UniqueIdentifier>{93995380-89BD-4b04-88EB-625FBE52EBFB}</UniqueIdentifier>
      <Extensions>h;hh;hpp;hxx;h++;hm;inl;inc;ipp;xsd</Extensions>
    </Filter>
    <Filter Include="リソース ファイル">
      <UniqueIdentifier>{67DA6AB6-F800-4c08-8B7A-83BB121AAD01}</UniqueIdentifier>
      <Extensions>rc;ico;cur;bmp;dlg;rc2;rct;bin;rgs;gif;jpg;jpeg;jpe;resx;tiff;tif;png;wav;mfcribbon-ms</Extensions>
    </Filter>
    <Filter Include="シェーダーファイル">
      <UniqueIdentifier>{b9a8de59-bebf-46fe-b7d0-01ccefa30b11}</UniqueIdentifier>
    </Filter>
    <Filter Include="ソース ファイル\DirectX">
      <UniqueIdentifier>{b80e0f67-d4e9-4fc3-9d2e-8d5d87a081e8}</UniqueIdentifier>
    </Filter>
    <Filter Include="ソース ファイル\Game">
      <UniqueIdentifier>{e23257fe-ed21-4249-a0e2-bf8ce7c76c2f}</UniqueIdentifier>
    </Filter>
    <Filter Include="ソース ファイル\Math">
      <UniqueIdentifier>{be8b1ae2-e95c-4ad9-bb92-ae3aad3dd677}</UniqueIdentifier>
    </Filter>
    <Filter Include="ソース ファイル\DirectX\resouse">
      <UniqueIdentifier>{5435532e-2ad1-4bc7-9382-1d7cdbf22e3c}</UniqueIdentifier>
    </Filter>
    <Filter Include="ソース ファイル\Game\sprite">
      <UniqueIdentifier>{db538166-deee-4b46-910c-e4d8881a501a}</UniqueIdentifier>
    </Filter>
    <Filter Include="ソース ファイル\Game\collision">
      <UniqueIdentifier>{6b4467d3-01e6-43dd-968b-65bd2478465e}</UniqueIdentifier>
    </Filter>
    <Filter Include="ソース ファイル\Game\camera">
      <UniqueIdentifier>{e423bcdc-9b94-474e-a29a-d08eae01ca67}</UniqueIdentifier>
    </Filter>
    <Filter Include="ソース ファイル\Game\Light">
      <UniqueIdentifier>{f4fd018b-09c0-41f8-94c0-e3b975d56d8b}</UniqueIdentifier>
    </Filter>
    <Filter Include="ソース ファイル\Game\object">
      <UniqueIdentifier>{ed925a78-697b-49f6-b530-29702cfa0e86}</UniqueIdentifier>
    </Filter>
    <Filter Include="シェーダーファイル\object">
      <UniqueIdentifier>{37d34d3d-929a-41c3-9011-860d88921528}</UniqueIdentifier>
    </Filter>
    <Filter Include="シェーダーファイル\test">
      <UniqueIdentifier>{a5c438d9-8908-4a24-bfaa-157455032cdd}</UniqueIdentifier>
    </Filter>
    <Filter Include="シェーダーファイル\sprite">
      <UniqueIdentifier>{3d6e18cf-b5fa-4f5f-b84e-31d9b17fd858}</UniqueIdentifier>
    </Filter>
    <Filter Include="シェーダーファイル\Basic">
      <UniqueIdentifier>{d44a9ab7-a63c-4b4f-a205-1a763760e2cb}</UniqueIdentifier>
    </Filter>
    <Filter Include="ヘッダー ファイル\DirectX">
      <UniqueIdentifier>{1b5535f1-0aaa-475c-b859-e4b99392f2f7}</UniqueIdentifier>
    </Filter>
    <Filter Include="ヘッダー ファイル\Game">
      <UniqueIdentifier>{d2191bab-373e-4884-9680-97f0cfe4083d}</UniqueIdentifier>
    </Filter>
    <Filter Include="ヘッダー ファイル\Math">
      <UniqueIdentifier>{d4766296-80f9-4890-a0bf-23271127ba5a}</UniqueIdentifier>
    </Filter>
    <Filter Include="ヘッダー ファイル\DirectX\resouse">
      <UniqueIdentifier>{cb87468e-e8f7-4d37-97ef-84a1d205483f}</UniqueIdentifier>
    </Filter>
    <Filter Include="ヘッダー ファイル\Game\collision">
      <UniqueIdentifier>{c592c2c9-b688-4bca-81d4-ecadee2c8076}</UniqueIdentifier>
    </Filter>
    <Filter Include="ヘッダー ファイル\Game\camera">
      <UniqueIdentifier>{abd9cdb8-b2f1-4079-9f23-f24a6073cdc9}</UniqueIdentifier>
    </Filter>
    <Filter Include="ヘッダー ファイル\Game\object">
      <UniqueIdentifier>{8a349b30-3daa-4f7b-923e-ce9f0bca681d}</UniqueIdentifier>
    </Filter>
    <Filter Include="ヘッダー ファイル\Game\Light">
      <UniqueIdentifier>{c6e30c31-62ef-43f7-96eb-21ee7a44e210}</UniqueIdentifier>
    </Filter>
    <Filter Include="ヘッダー ファイル\Game\sprite">
      <UniqueIdentifier>{de3f1444-e4c3-4883-b134-bcff4fd9e563}</UniqueIdentifier>
    </Filter>
    <Filter Include="シェーダーファイル\object\Phong_toon_rim">
      <UniqueIdentifier>{33bdefe8-c1bf-4d79-883d-48dc3235e926}</UniqueIdentifier>
    </Filter>
    <Filter Include="シェーダーファイル\PostEffect">
      <UniqueIdentifier>{1316f7a6-d5ab-4fdc-9227-0307b8779385}</UniqueIdentifier>
    </Filter>
    <Filter Include="シェーダーファイル\PostEffect\GaussianBlur">
      <UniqueIdentifier>{cb8b97e2-3ba9-408d-aaf2-653bc0e6f196}</UniqueIdentifier>
    </Filter>
    <Filter Include="ソース ファイル\DirectX\resouse\Loader">
      <UniqueIdentifier>{cc65a17b-99c1-4179-aee3-241608f4e1c9}</UniqueIdentifier>
    </Filter>
    <Filter Include="ヘッダー ファイル\DirectX\resouse\Loader">
      <UniqueIdentifier>{c9392d09-6117-4ec3-8b45-8e4905123574}</UniqueIdentifier>
    </Filter>
    <Filter Include="ソース ファイル\Game\Scene">
      <UniqueIdentifier>{40a72cdf-9add-4fc1-a808-2ee84e79aba8}</UniqueIdentifier>
    </Filter>
    <Filter Include="ヘッダー ファイル\Game\Scene">
      <UniqueIdentifier>{3a089aec-f165-4558-88d3-61a5aea80368}</UniqueIdentifier>
    </Filter>
    <Filter Include="ソース ファイル\Game\PostEffect">
      <UniqueIdentifier>{af4ecce0-b1a6-47ff-b424-3c221de4f4e4}</UniqueIdentifier>
    </Filter>
    <Filter Include="ヘッダー ファイル\Game\PostEffect">
      <UniqueIdentifier>{d1503c13-3258-4323-9b76-472c991620ac}</UniqueIdentifier>
    </Filter>
    <Filter Include="シェーダーファイル\PostEffect\normal">
      <UniqueIdentifier>{08e3538d-b002-4e83-ad1d-7535bcc41098}</UniqueIdentifier>
    </Filter>
    <Filter Include="シェーダーファイル\PostEffect\Bloom">
      <UniqueIdentifier>{262383bf-9965-4410-94b4-4621be93f472}</UniqueIdentifier>
    </Filter>
    <Filter Include="ソース ファイル\App">
      <UniqueIdentifier>{35cc3346-5640-4bc9-a88f-597a28d18a4e}</UniqueIdentifier>
    </Filter>
    <Filter Include="ヘッダー ファイル\App">
      <UniqueIdentifier>{6563b612-7b9e-4f85-be66-2e5885e9d708}</UniqueIdentifier>
    </Filter>
    <Filter Include="ソース ファイル\Game\Scene\Game">
      <UniqueIdentifier>{a5cf916e-3d37-4b63-ae54-3242d07cf47a}</UniqueIdentifier>
    </Filter>
    <Filter Include="ヘッダー ファイル\Game\Scene\Game">
      <UniqueIdentifier>{12da02f5-2e78-4c87-a605-c1f41fdcdadd}</UniqueIdentifier>
    </Filter>
    <Filter Include="ヘッダー ファイル\Game\Scene\SceneChange">
      <UniqueIdentifier>{fe6d7f81-09a9-4f15-80d2-0d0811fdd9bf}</UniqueIdentifier>
    </Filter>
    <Filter Include="ヘッダー ファイル\Game\collision\Game">
      <UniqueIdentifier>{4cf9a401-2c21-4369-8550-f38fd9e86ac1}</UniqueIdentifier>
    </Filter>
    <Filter Include="ソース ファイル\Game\collision\Game">
      <UniqueIdentifier>{d5765729-8d18-4963-a12c-9957a20b1343}</UniqueIdentifier>
    </Filter>
    <Filter Include="ソース ファイル\Game\Scene\SceneChange">
      <UniqueIdentifier>{0c4cae70-b576-4031-9564-57211aea7cc4}</UniqueIdentifier>
    </Filter>
    <Filter Include="ソース ファイル\Game\Particle">
      <UniqueIdentifier>{ecc816ed-0dcd-4c85-a15f-534a92c0972d}</UniqueIdentifier>
    </Filter>
    <Filter Include="ヘッダー ファイル\Game\Particle">
      <UniqueIdentifier>{57d102a4-083f-41e2-a099-137573d1a688}</UniqueIdentifier>
    </Filter>
  </ItemGroup>
  <ItemGroup>
    <ClCompile Include="Engine\DirectX\resouse\Loader\FBXLoader.cpp">
      <Filter>ソース ファイル\DirectX\resouse\Loader</Filter>
    </ClCompile>
    <ClCompile Include="Engine\DirectX\resouse\Loader\JsonLevelLoader.cpp">
      <Filter>ソース ファイル\DirectX\resouse\Loader</Filter>
    </ClCompile>
    <ClCompile Include="Engine\DirectX\resouse\Model.cpp">
      <Filter>ソース ファイル\DirectX\resouse</Filter>
    </ClCompile>
    <ClCompile Include="Engine\DirectX\resouse\XAudio.cpp">
      <Filter>ソース ファイル\DirectX\resouse</Filter>
    </ClCompile>
    <ClCompile Include="Engine\DirectX\resouse\Texture.cpp">
      <Filter>ソース ファイル\DirectX\resouse</Filter>
    </ClCompile>
    <ClCompile Include="Engine\DirectX\DirectXInit.cpp">
      <Filter>ソース ファイル\DirectX</Filter>
    </ClCompile>
    <ClCompile Include="Engine\DirectX\FPS.cpp">
      <Filter>ソース ファイル\DirectX</Filter>
    </ClCompile>
    <ClCompile Include="Engine\DirectX\ImGuiManager.cpp">
      <Filter>ソース ファイル\DirectX</Filter>
    </ClCompile>
    <ClCompile Include="Engine\DirectX\Input.cpp">
      <Filter>ソース ファイル\DirectX</Filter>
    </ClCompile>
    <ClCompile Include="Engine\DirectX\WinApp.cpp">
      <Filter>ソース ファイル\DirectX</Filter>
    </ClCompile>
    <ClCompile Include="Engine\Game\camera\camera.cpp">
      <Filter>ソース ファイル\Game\camera</Filter>
    </ClCompile>
    <ClCompile Include="Engine\Game\camera\cameraObj.cpp">
      <Filter>ソース ファイル\Game\camera</Filter>
    </ClCompile>
    <ClCompile Include="Engine\Game\collision\BaseCollider.cpp">
      <Filter>ソース ファイル\Game\collision</Filter>
    </ClCompile>
    <ClCompile Include="Engine\Game\collision\Collision.cpp">
      <Filter>ソース ファイル\Game\collision</Filter>
    </ClCompile>
    <ClCompile Include="Engine\Game\collision\CollisionInfo.cpp">
      <Filter>ソース ファイル\Game\collision</Filter>
    </ClCompile>
    <ClCompile Include="Engine\Game\collision\CollisionManager.cpp">
      <Filter>ソース ファイル\Game\collision</Filter>
    </ClCompile>
    <ClCompile Include="Engine\Game\collision\CollisionPrimirive.cpp">
      <Filter>ソース ファイル\Game\collision</Filter>
    </ClCompile>
    <ClCompile Include="Engine\Game\collision\CollisionTypes.cpp">
      <Filter>ソース ファイル\Game\collision</Filter>
    </ClCompile>
    <ClCompile Include="Engine\Game\collision\SphereCollider.cpp">
      <Filter>ソース ファイル\Game\collision</Filter>
    </ClCompile>
    <ClCompile Include="Engine\Game\Light\DirectionalLight.cpp">
      <Filter>ソース ファイル\Game\Light</Filter>
    </ClCompile>
    <ClCompile Include="Engine\Game\Light\LightGroup.cpp">
      <Filter>ソース ファイル\Game\Light</Filter>
    </ClCompile>
    <ClCompile Include="Engine\Game\object\Object3D.cpp">
      <Filter>ソース ファイル\Game\object</Filter>
    </ClCompile>
    <ClCompile Include="Engine\main.cpp">
      <Filter>ソース ファイル</Filter>
    </ClCompile>
    <ClCompile Include="Engine\Game\Scene\App.cpp">
      <Filter>ソース ファイル\Game\Scene</Filter>
    </ClCompile>
    <ClCompile Include="Engine\Game\sprite\Sprite.cpp">
      <Filter>ソース ファイル\Game\sprite</Filter>
    </ClCompile>
    <ClCompile Include="Engine\Game\sprite\SpriteCommon.cpp">
      <Filter>ソース ファイル\Game\sprite</Filter>
    </ClCompile>
    <ClCompile Include="Engine\Math\matrix4x4.cpp">
      <Filter>ソース ファイル\Math</Filter>
    </ClCompile>
    <ClCompile Include="Engine\Math\Quaternion.cpp">
      <Filter>ソース ファイル\Math</Filter>
    </ClCompile>
    <ClCompile Include="Engine\Math\Vector2.cpp">
      <Filter>ソース ファイル\Math</Filter>
    </ClCompile>
    <ClCompile Include="Engine\Math\Vector3.cpp">
      <Filter>ソース ファイル\Math</Filter>
    </ClCompile>
    <ClCompile Include="Engine\Math\Vector4.cpp">
      <Filter>ソース ファイル\Math</Filter>
    </ClCompile>
    <ClCompile Include="Engine\Game\Scene\Framework.cpp">
      <Filter>ソース ファイル\Game\Scene</Filter>
    </ClCompile>
    <ClCompile Include="Engine\Game\Light\LightManager.cpp">
      <Filter>ソース ファイル\Game\Light</Filter>
    </ClCompile>
    <ClCompile Include="Engine\DirectX\resouse\Material.cpp">
      <Filter>ソース ファイル\DirectX\resouse</Filter>
    </ClCompile>
    <ClCompile Include="Engine\Game\Scene\SceneManager.cpp">
      <Filter>ソース ファイル\Game\Scene</Filter>
    </ClCompile>
    <ClCompile Include="Engine\Game\PostEffect\PostEffect.cpp">
      <Filter>ソース ファイル\Game\PostEffect</Filter>
    </ClCompile>
    <ClCompile Include="Engine\DirectX\resouse\Shader.cpp">
      <Filter>ソース ファイル\DirectX\resouse</Filter>
    </ClCompile>
    <ClCompile Include="Engine\DirectX\resouse\PipeLine.cpp">
      <Filter>ソース ファイル\DirectX\resouse</Filter>
    </ClCompile>
    <ClCompile Include="Engine\Game\Light\PointLight.cpp">
      <Filter>ソース ファイル\Game\Light</Filter>
    </ClCompile>
    <ClCompile Include="Engine\Game\Light\SpotLight.cpp">
      <Filter>ソース ファイル\Game\Light</Filter>
    </ClCompile>
    <ClCompile Include="Engine\Math\PI.cpp">
      <Filter>ソース ファイル\Math</Filter>
    </ClCompile>
    <ClCompile Include="Engine\Math\Easing.cpp">
      <Filter>ソース ファイル\Math</Filter>
    </ClCompile>
    <ClCompile Include="Engine\Game\Scene\game\TitleScene.cpp">
      <Filter>ソース ファイル\Game\Scene\Game</Filter>
    </ClCompile>
    <ClCompile Include="Engine\Game\Scene\game\GameScene.cpp">
      <Filter>ソース ファイル\Game\Scene\Game</Filter>
    </ClCompile>
    <ClCompile Include="Engine\Game\Scene\SceneFactory.cpp">
      <Filter>ソース ファイル\Game\Scene</Filter>
    </ClCompile>
    <ClCompile Include="Engine\Game\collision\BulletCollision.cpp">
      <Filter>ソース ファイル\Game\collision\Game</Filter>
    </ClCompile>
    <ClCompile Include="Engine\Game\collision\MobCollision.cpp">
      <Filter>ソース ファイル\Game\collision\Game</Filter>
    </ClCompile>
    <ClCompile Include="Engine\Game\App\Enemy.cpp">
      <Filter>ソース ファイル\App</Filter>
    </ClCompile>
    <ClCompile Include="Engine\Game\App\EnemyBullet.cpp">
      <Filter>ソース ファイル\App</Filter>
    </ClCompile>
    <ClCompile Include="Engine\Game\App\EnemyManager.cpp">
      <Filter>ソース ファイル\App</Filter>
    </ClCompile>
    <ClCompile Include="Engine\Game\App\EventPoint.cpp">
      <Filter>ソース ファイル\App</Filter>
    </ClCompile>
    <ClCompile Include="Engine\Game\App\Player.cpp">
      <Filter>ソース ファイル\App</Filter>
    </ClCompile>
    <ClCompile Include="Engine\Game\App\PlayerBullet.cpp">
      <Filter>ソース ファイル\App</Filter>
    </ClCompile>
    <ClCompile Include="Engine\Game\App\EventPointManager.cpp">
      <Filter>ソース ファイル\App</Filter>
    </ClCompile>
    <ClCompile Include="Engine\Game\Scene\SceneChange\BasicSceneChange.cpp">
      <Filter>ソース ファイル\Game\Scene\SceneChange</Filter>
    </ClCompile>
    <ClCompile Include="Engine\Game\Scene\SceneChange\SceneChangeFactory.cpp">
      <Filter>ソース ファイル\Game\Scene\SceneChange</Filter>
    </ClCompile>
    <ClCompile Include="Engine\Game\Particle\BasicParticle.cpp">
      <Filter>ソース ファイル\Game\Particle</Filter>
    </ClCompile>
    <ClCompile Include="Engine\Game\Particle\BasicEmitter.cpp">
      <Filter>ソース ファイル\Game\Particle</Filter>
    </ClCompile>
    <ClCompile Include="Engine\Game\Particle\EmitterManager.cpp">
      <Filter>ソース ファイル\Game\Particle</Filter>
    </ClCompile>
  </ItemGroup>
  <ItemGroup>
    <ClInclude Include="Engine\DirectX\resouse\Loader\FBXLoader.h">
      <Filter>ヘッダー ファイル\DirectX\resouse\Loader</Filter>
    </ClInclude>
    <ClInclude Include="Engine\DirectX\resouse\Loader\JsonLevelLoader.h">
      <Filter>ヘッダー ファイル\DirectX\resouse\Loader</Filter>
    </ClInclude>
    <ClInclude Include="Engine\DirectX\resouse\Model.h">
      <Filter>ヘッダー ファイル\DirectX\resouse</Filter>
    </ClInclude>
    <ClInclude Include="Engine\DirectX\resouse\Texture.h">
      <Filter>ヘッダー ファイル\DirectX\resouse</Filter>
    </ClInclude>
    <ClInclude Include="Engine\DirectX\resouse\XAudio.h">
      <Filter>ヘッダー ファイル\DirectX\resouse</Filter>
    </ClInclude>
    <ClInclude Include="Engine\DirectX\DirectXInit.h">
      <Filter>ヘッダー ファイル\DirectX</Filter>
    </ClInclude>
    <ClInclude Include="Engine\DirectX\FPS.h">
      <Filter>ヘッダー ファイル\DirectX</Filter>
    </ClInclude>
    <ClInclude Include="Engine\DirectX\ImGuiManager.h">
      <Filter>ヘッダー ファイル\DirectX</Filter>
    </ClInclude>
    <ClInclude Include="Engine\DirectX\Input.h">
      <Filter>ヘッダー ファイル\DirectX</Filter>
    </ClInclude>
    <ClInclude Include="Engine\DirectX\WinApp.h">
      <Filter>ヘッダー ファイル\DirectX</Filter>
    </ClInclude>
    <ClInclude Include="Engine\Game\camera\camera.h">
      <Filter>ヘッダー ファイル\Game\camera</Filter>
    </ClInclude>
    <ClInclude Include="Engine\Game\camera\cameraObj.h">
      <Filter>ヘッダー ファイル\Game\camera</Filter>
    </ClInclude>
    <ClInclude Include="Engine\Game\collision\BaseCollider.h">
      <Filter>ヘッダー ファイル\Game\collision</Filter>
    </ClInclude>
    <ClInclude Include="Engine\Game\collision\Collision.h">
      <Filter>ヘッダー ファイル\Game\collision</Filter>
    </ClInclude>
    <ClInclude Include="Engine\Game\collision\CollisionInfo.h">
      <Filter>ヘッダー ファイル\Game\collision</Filter>
    </ClInclude>
    <ClInclude Include="Engine\Game\collision\CollisionManager.h">
      <Filter>ヘッダー ファイル\Game\collision</Filter>
    </ClInclude>
    <ClInclude Include="Engine\Game\collision\CollisionPrimirive.h">
      <Filter>ヘッダー ファイル\Game\collision</Filter>
    </ClInclude>
    <ClInclude Include="Engine\Game\collision\CollisionTypes.h">
      <Filter>ヘッダー ファイル\Game\collision</Filter>
    </ClInclude>
    <ClInclude Include="Engine\Game\collision\SphereCollider.h">
      <Filter>ヘッダー ファイル\Game\collision</Filter>
    </ClInclude>
    <ClInclude Include="Engine\Game\Light\DirectionalLight.h">
      <Filter>ヘッダー ファイル\Game\Light</Filter>
    </ClInclude>
    <ClInclude Include="Engine\Game\Light\LightGroup.h">
      <Filter>ヘッダー ファイル\Game\Light</Filter>
    </ClInclude>
    <ClInclude Include="Engine\Game\Scene\App.h">
      <Filter>ヘッダー ファイル\Game\Scene</Filter>
    </ClInclude>
    <ClInclude Include="Engine\Game\object\Object3D.h">
      <Filter>ヘッダー ファイル\Game\object</Filter>
    </ClInclude>
    <ClInclude Include="Engine\Game\sprite\Sprite.h">
      <Filter>ヘッダー ファイル\Game\sprite</Filter>
    </ClInclude>
    <ClInclude Include="Engine\Game\sprite\SpriteCommon.h">
      <Filter>ヘッダー ファイル\Game\sprite</Filter>
    </ClInclude>
    <ClInclude Include="Engine\Math\matrix4x4.h">
      <Filter>ヘッダー ファイル\Math</Filter>
    </ClInclude>
    <ClInclude Include="Engine\Math\PI.h">
      <Filter>ヘッダー ファイル\Math</Filter>
    </ClInclude>
    <ClInclude Include="Engine\Math\Quaternion.h">
      <Filter>ヘッダー ファイル\Math</Filter>
    </ClInclude>
    <ClInclude Include="Engine\Math\Vector2.h">
      <Filter>ヘッダー ファイル\Math</Filter>
    </ClInclude>
    <ClInclude Include="Engine\Math\Vector3.h">
      <Filter>ヘッダー ファイル\Math</Filter>
    </ClInclude>
    <ClInclude Include="Engine\Math\Vector4.h">
      <Filter>ヘッダー ファイル\Math</Filter>
    </ClInclude>
    <ClInclude Include="Engine\Game\Scene\Framework.h">
      <Filter>ヘッダー ファイル\Game\Scene</Filter>
    </ClInclude>
    <ClInclude Include="Engine\Game\Light\LightManager.h">
      <Filter>ヘッダー ファイル\Game\Light</Filter>
    </ClInclude>
    <ClInclude Include="Engine\DirectX\resouse\Material.h">
      <Filter>ヘッダー ファイル\DirectX\resouse</Filter>
    </ClInclude>
    <ClInclude Include="Engine\Game\Scene\SceneManager.h">
      <Filter>ヘッダー ファイル\Game\Scene</Filter>
    </ClInclude>
    <ClInclude Include="Engine\Game\Scene\IScene.h">
      <Filter>ヘッダー ファイル\Game\Scene</Filter>
    </ClInclude>
    <ClInclude Include="Engine\Game\PostEffect\PostEffect.h">
      <Filter>ヘッダー ファイル\Game\PostEffect</Filter>
    </ClInclude>
    <ClInclude Include="Engine\DirectX\resouse\Shader.h">
      <Filter>ヘッダー ファイル\DirectX\resouse</Filter>
    </ClInclude>
    <ClInclude Include="Engine\DirectX\resouse\PipeLine.h">
      <Filter>ヘッダー ファイル\DirectX\resouse</Filter>
    </ClInclude>
    <ClInclude Include="Engine\Game\Light\PointLight.h">
      <Filter>ヘッダー ファイル\Game\Light</Filter>
    </ClInclude>
    <ClInclude Include="Engine\Game\Light\SpotLight.h">
      <Filter>ヘッダー ファイル\Game\Light</Filter>
    </ClInclude>
    <ClInclude Include="Engine\Math\Easing.h">
      <Filter>ヘッダー ファイル\Math</Filter>
    </ClInclude>
    <ClInclude Include="Engine\Game\Scene\game\GameScene.h">
      <Filter>ヘッダー ファイル\Game\Scene\Game</Filter>
    </ClInclude>
    <ClInclude Include="Engine\Game\Scene\Game\TitleScene.h">
      <Filter>ヘッダー ファイル\Game\Scene\Game</Filter>
    </ClInclude>
    <ClInclude Include="Engine\Game\Scene\ISceneFactory.h">
      <Filter>ヘッダー ファイル\Game\Scene</Filter>
    </ClInclude>
    <ClInclude Include="Engine\Game\Scene\SceneFactory.h">
      <Filter>ヘッダー ファイル\Game\Scene</Filter>
    </ClInclude>
    <ClInclude Include="Engine\Game\collision\ICollisionObj.h">
      <Filter>ヘッダー ファイル\Game\collision</Filter>
    </ClInclude>
    <ClInclude Include="Engine\Game\collision\BulletCollision.h">
      <Filter>ヘッダー ファイル\Game\collision\Game</Filter>
    </ClInclude>
    <ClInclude Include="Engine\Game\collision\MobCollision.h">
      <Filter>ヘッダー ファイル\Game\collision\Game</Filter>
    </ClInclude>
    <ClInclude Include="Engine\Game\App\Enemy.h">
      <Filter>ヘッダー ファイル\App</Filter>
    </ClInclude>
    <ClInclude Include="Engine\Game\App\EnemyBullet.h">
      <Filter>ヘッダー ファイル\App</Filter>
    </ClInclude>
    <ClInclude Include="Engine\Game\App\EnemyManager.h">
      <Filter>ヘッダー ファイル\App</Filter>
    </ClInclude>
    <ClInclude Include="Engine\Game\App\EventPoint.h">
      <Filter>ヘッダー ファイル\App</Filter>
    </ClInclude>
    <ClInclude Include="Engine\Game\App\Player.h">
      <Filter>ヘッダー ファイル\App</Filter>
    </ClInclude>
    <ClInclude Include="Engine\Game\App\PlayerBullet.h">
      <Filter>ヘッダー ファイル\App</Filter>
    </ClInclude>
    <ClInclude Include="Engine\Game\App\EventPointManager.h">
      <Filter>ヘッダー ファイル\App</Filter>
    </ClInclude>
    <ClInclude Include="Engine\Game\Scene\SceneChange\ISceneChange.h">
      <Filter>ヘッダー ファイル\Game\Scene\SceneChange</Filter>
    </ClInclude>
    <ClInclude Include="Engine\Game\Scene\SceneChange\ISceneChangeFactory.h">
      <Filter>ヘッダー ファイル\Game\Scene\SceneChange</Filter>
    </ClInclude>
    <ClInclude Include="Engine\Game\Scene\SceneChange\BasicSceneChange.h">
      <Filter>ヘッダー ファイル\Game\Scene\SceneChange</Filter>
    </ClInclude>
    <ClInclude Include="Engine\Game\Scene\SceneChange\SceneChangeFactory.h">
      <Filter>ヘッダー ファイル\Game\Scene\SceneChange</Filter>
    </ClInclude>
    <ClInclude Include="Engine\Game\Particle\BasicParticle.h">
      <Filter>ヘッダー ファイル\Game\Particle</Filter>
    </ClInclude>
    <ClInclude Include="Engine\Game\Particle\IParticle.h">
      <Filter>ヘッダー ファイル\Game\Particle</Filter>
    </ClInclude>
    <ClInclude Include="Engine\Game\Particle\IEmitter.h">
      <Filter>ヘッダー ファイル\Game\Particle</Filter>
    </ClInclude>
    <ClInclude Include="Engine\Game\Particle\BasicEmitter.h">
      <Filter>ヘッダー ファイル\Game\Particle</Filter>
    </ClInclude>
    <ClInclude Include="Engine\Game\Particle\EmitterManager.h">
      <Filter>ヘッダー ファイル\Game\Particle</Filter>
    </ClInclude>
    <ClInclude Include="Engine\Game\Particle\IObjParticle.h">
      <Filter>ヘッダー ファイル\Game\Particle</Filter>
    </ClInclude>
    <ClInclude Include="Engine\Game\Particle\IObjEmitter.h">
      <Filter>ヘッダー ファイル\Game\Particle</Filter>
    </ClInclude>
  </ItemGroup>
  <ItemGroup>
    <None Include="Resources\shaders\OBJShaderHeader.hlsli">
      <Filter>シェーダーファイル\object</Filter>
    </None>
    <None Include="Resources\shaders\Sprite.hlsli">
      <Filter>シェーダーファイル\sprite</Filter>
    </None>
    <None Include="Resources\shaders\Basic.hlsli">
      <Filter>シェーダーファイル\Basic</Filter>
    </None>
    <None Include="Resources\shaders\Phong_toon_rim.hlsli">
      <Filter>シェーダーファイル\object\Phong_toon_rim</Filter>
    </None>
    <None Include="Resources\shaders\GaussianBlur.hlsli">
      <Filter>シェーダーファイル\PostEffect\GaussianBlur</Filter>
    </None>
    <None Include="Resources\shaders\PostEffect.hlsli">
      <Filter>シェーダーファイル\PostEffect\normal</Filter>
    </None>
    <None Include="Resources\shaders\Bloom.hlsli">
      <Filter>シェーダーファイル\PostEffect\Bloom</Filter>
    </None>
  </ItemGroup>
  <ItemGroup>
    <FxCompile Include="Resources\shaders\OBJPS.hlsl">
      <Filter>シェーダーファイル\object</Filter>
    </FxCompile>
    <FxCompile Include="Resources\shaders\OBJVS.hlsl">
      <Filter>シェーダーファイル\object</Filter>
    </FxCompile>
    <FxCompile Include="Resources\shaders\colorChangePS.hlsl">
      <Filter>シェーダーファイル\test</Filter>
    </FxCompile>
    <FxCompile Include="Resources\shaders\vertexMoveVS.hlsl">
      <Filter>シェーダーファイル\test</Filter>
    </FxCompile>
    <FxCompile Include="Resources\shaders\SpritePS.hlsl">
      <Filter>シェーダーファイル\sprite</Filter>
    </FxCompile>
    <FxCompile Include="Resources\shaders\SpriteVS.hlsl">
      <Filter>シェーダーファイル\sprite</Filter>
    </FxCompile>
    <FxCompile Include="Resources\shaders\BasicPS.hlsl">
      <Filter>シェーダーファイル\Basic</Filter>
    </FxCompile>
    <FxCompile Include="Resources\shaders\BasicVS.hlsl">
      <Filter>シェーダーファイル\Basic</Filter>
    </FxCompile>
    <FxCompile Include="Resources\shaders\Phong_toon_rim_PS.hlsl">
      <Filter>シェーダーファイル\object\Phong_toon_rim</Filter>
    </FxCompile>
    <FxCompile Include="Resources\shaders\Phong_toon_rim_VS.hlsl">
      <Filter>シェーダーファイル\object\Phong_toon_rim</Filter>
    </FxCompile>
    <FxCompile Include="Resources\shaders\GaussianBlurPS.hlsl">
      <Filter>シェーダーファイル\PostEffect\GaussianBlur</Filter>
    </FxCompile>
    <FxCompile Include="Resources\shaders\GaussianBlurVS.hlsl">
      <Filter>シェーダーファイル\PostEffect\GaussianBlur</Filter>
    </FxCompile>
    <FxCompile Include="Resources\shaders\PostEffectPS.hlsl">
      <Filter>シェーダーファイル\PostEffect\normal</Filter>
    </FxCompile>
    <FxCompile Include="Resources\shaders\PostEffectVS.hlsl">
      <Filter>シェーダーファイル\PostEffect\normal</Filter>
    </FxCompile>
    <FxCompile Include="Resources\shaders\BloomVS.hlsl">
      <Filter>シェーダーファイル\PostEffect\Bloom</Filter>
    </FxCompile>
    <FxCompile Include="Resources\shaders\BloomPS.hlsl">
      <Filter>シェーダーファイル\PostEffect\Bloom</Filter>
    </FxCompile>
  </ItemGroup>
</Project>