
Microsoft Visual Studio Solution File, Format Version 12.00
# Visual Studio Version 17
VisualStudioVersion = 17.1.32328.378
MinimumVisualStudioVersion = 10.0.40219.1
Project("{8BC9CEB8-8B4A-11D0-8D11-00A0C91BC942}") = "DirectXpre", "DirectXpre.vcxproj", "{0E28A0CE-52E9-468A-AA0B-BA4C84E56F60}"
	ProjectSection(ProjectDependencies) = postProject
		{972ACDB0-A912-3138-B899-683084EA82D1} = {972ACDB0-A912-3138-B899-683084EA82D1}
	EndProjectSection
EndProject
Project("{8BC9CEB8-8B4A-11D0-8D11-00A0C91BC942}") = "DirectXTex", "External\DirectXTex\DirectXTex_Desktop_2022_Win10.vcxproj", "{371B9FA9-4C90-4AC6-A123-ACED756D6C77}"
EndProject
Project("{8BC9CEB8-8B4A-11D0-8D11-00A0C91BC942}") = "assimp", "External\assimp\code\assimp.vcxproj", "{130FD2FE-DC70-34B1-895A-F74B90E6B795}"
EndProject
Project("{8BC9CEB8-8B4A-11D0-8D11-00A0C91BC942}") = "zlibstatic", "External\assimp\contrib\zlib\zlibstatic.vcxproj", "{972ACDB0-A912-3138-B899-683084EA82D1}"
EndProject
Project("{8BC9CEB8-8B4A-11D0-8D11-00A0C91BC942}") = "imgui", "External\imgui\imgui.vcxproj", "{A851D73B-DB14-4DF9-8713-2DE9FE88379A}"
EndProject
Global
	GlobalSection(SolutionConfigurationPlatforms) = preSolution
		Debug|ARM = Debug|ARM
		Debug|ARM64 = Debug|ARM64
		Debug|x64 = Debug|x64
		Debug|x86 = Debug|x86
		Release|ARM = Release|ARM
		Release|ARM64 = Release|ARM64
		Release|x64 = Release|x64
		Release|x86 = Release|x86
	EndGlobalSection
	GlobalSection(ProjectConfigurationPlatforms) = postSolution
		{0E28A0CE-52E9-468A-AA0B-BA4C84E56F60}.Debug|ARM.ActiveCfg = Debug|x64
		{0E28A0CE-52E9-468A-AA0B-BA4C84E56F60}.Debug|ARM.Build.0 = Debug|x64
		{0E28A0CE-52E9-468A-AA0B-BA4C84E56F60}.Debug|ARM64.ActiveCfg = Debug|x64
		{0E28A0CE-52E9-468A-AA0B-BA4C84E56F60}.Debug|ARM64.Build.0 = Debug|x64
		{0E28A0CE-52E9-468A-AA0B-BA4C84E56F60}.Debug|x64.ActiveCfg = Debug|x64
		{0E28A0CE-52E9-468A-AA0B-BA4C84E56F60}.Debug|x64.Build.0 = Debug|x64
		{0E28A0CE-52E9-468A-AA0B-BA4C84E56F60}.Debug|x86.ActiveCfg = Debug|x64
		{0E28A0CE-52E9-468A-AA0B-BA4C84E56F60}.Debug|x86.Build.0 = Debug|x64
		{0E28A0CE-52E9-468A-AA0B-BA4C84E56F60}.Release|ARM.ActiveCfg = Release|x64
		{0E28A0CE-52E9-468A-AA0B-BA4C84E56F60}.Release|ARM.Build.0 = Release|x64
		{0E28A0CE-52E9-468A-AA0B-BA4C84E56F60}.Release|ARM64.ActiveCfg = Release|x64
		{0E28A0CE-52E9-468A-AA0B-BA4C84E56F60}.Release|ARM64.Build.0 = Release|x64
		{0E28A0CE-52E9-468A-AA0B-BA4C84E56F60}.Release|x64.ActiveCfg = Release|x64
		{0E28A0CE-52E9-468A-AA0B-BA4C84E56F60}.Release|x64.Build.0 = Release|x64
		{0E28A0CE-52E9-468A-AA0B-BA4C84E56F60}.Release|x86.ActiveCfg = Release|x64
		{0E28A0CE-52E9-468A-AA0B-BA4C84E56F60}.Release|x86.Build.0 = Release|x64
		{371B9FA9-4C90-4AC6-A123-ACED756D6C77}.Debug|ARM.ActiveCfg = Debug|x64
		{371B9FA9-4C90-4AC6-A123-ACED756D6C77}.Debug|ARM.Build.0 = Debug|x64
		{371B9FA9-4C90-4AC6-A123-ACED756D6C77}.Debug|ARM64.ActiveCfg = Debug|x64
		{371B9FA9-4C90-4AC6-A123-ACED756D6C77}.Debug|ARM64.Build.0 = Debug|x64
		{371B9FA9-4C90-4AC6-A123-ACED756D6C77}.Debug|x64.ActiveCfg = Debug|x64
		{371B9FA9-4C90-4AC6-A123-ACED756D6C77}.Debug|x64.Build.0 = Debug|x64
		{371B9FA9-4C90-4AC6-A123-ACED756D6C77}.Debug|x86.ActiveCfg = Debug|x64
		{371B9FA9-4C90-4AC6-A123-ACED756D6C77}.Debug|x86.Build.0 = Debug|x64
		{371B9FA9-4C90-4AC6-A123-ACED756D6C77}.Release|ARM.ActiveCfg = Release|x64
		{371B9FA9-4C90-4AC6-A123-ACED756D6C77}.Release|ARM.Build.0 = Release|x64
		{371B9FA9-4C90-4AC6-A123-ACED756D6C77}.Release|ARM64.ActiveCfg = Release|x64
		{371B9FA9-4C90-4AC6-A123-ACED756D6C77}.Release|ARM64.Build.0 = Release|x64
		{371B9FA9-4C90-4AC6-A123-ACED756D6C77}.Release|x64.ActiveCfg = Release|x64
		{371B9FA9-4C90-4AC6-A123-ACED756D6C77}.Release|x64.Build.0 = Release|x64
		{371B9FA9-4C90-4AC6-A123-ACED756D6C77}.Release|x86.ActiveCfg = Release|x64
		{371B9FA9-4C90-4AC6-A123-ACED756D6C77}.Release|x86.Build.0 = Release|x64
		{130FD2FE-DC70-34B1-895A-F74B90E6B795}.Debug|ARM.ActiveCfg = Debug|x64
		{130FD2FE-DC70-34B1-895A-F74B90E6B795}.Debug|ARM.Build.0 = Debug|x64
		{130FD2FE-DC70-34B1-895A-F74B90E6B795}.Debug|ARM64.ActiveCfg = Debug|x64
		{130FD2FE-DC70-34B1-895A-F74B90E6B795}.Debug|ARM64.Build.0 = Debug|x64
		{130FD2FE-DC70-34B1-895A-F74B90E6B795}.Debug|x64.ActiveCfg = Debug|x64
		{130FD2FE-DC70-34B1-895A-F74B90E6B795}.Debug|x64.Build.0 = Debug|x64
		{130FD2FE-DC70-34B1-895A-F74B90E6B795}.Debug|x86.ActiveCfg = Debug|x64
		{130FD2FE-DC70-34B1-895A-F74B90E6B795}.Debug|x86.Build.0 = Debug|x64
		{130FD2FE-DC70-34B1-895A-F74B90E6B795}.Release|ARM.ActiveCfg = Release|x64
		{130FD2FE-DC70-34B1-895A-F74B90E6B795}.Release|ARM.Build.0 = Release|x64
		{130FD2FE-DC70-34B1-895A-F74B90E6B795}.Release|ARM64.ActiveCfg = Release|x64
		{130FD2FE-DC70-34B1-895A-F74B90E6B795}.Release|ARM64.Build.0 = Release|x64
		{130FD2FE-DC70-34B1-895A-F74B90E6B795}.Release|x64.ActiveCfg = Release|x64
		{130FD2FE-DC70-34B1-895A-F74B90E6B795}.Release|x64.Build.0 = Release|x64
		{130FD2FE-DC70-34B1-895A-F74B90E6B795}.Release|x86.ActiveCfg = Release|x64
		{130FD2FE-DC70-34B1-895A-F74B90E6B795}.Release|x86.Build.0 = Release|x64
		{972ACDB0-A912-3138-B899-683084EA82D1}.Debug|ARM.ActiveCfg = Debug|x64
		{972ACDB0-A912-3138-B899-683084EA82D1}.Debug|ARM.Build.0 = Debug|x64
		{972ACDB0-A912-3138-B899-683084EA82D1}.Debug|ARM64.ActiveCfg = Debug|x64
		{972ACDB0-A912-3138-B899-683084EA82D1}.Debug|ARM64.Build.0 = Debug|x64
		{972ACDB0-A912-3138-B899-683084EA82D1}.Debug|x64.ActiveCfg = Debug|x64
		{972ACDB0-A912-3138-B899-683084EA82D1}.Debug|x64.Build.0 = Debug|x64
		{972ACDB0-A912-3138-B899-683084EA82D1}.Debug|x86.ActiveCfg = Debug|x64
		{972ACDB0-A912-3138-B899-683084EA82D1}.Debug|x86.Build.0 = Debug|x64
		{972ACDB0-A912-3138-B899-683084EA82D1}.Release|ARM.ActiveCfg = Release|x64
		{972ACDB0-A912-3138-B899-683084EA82D1}.Release|ARM.Build.0 = Release|x64
		{972ACDB0-A912-3138-B899-683084EA82D1}.Release|ARM64.ActiveCfg = Release|x64
		{972ACDB0-A912-3138-B899-683084EA82D1}.Release|ARM64.Build.0 = Release|x64
		{972ACDB0-A912-3138-B899-683084EA82D1}.Release|x64.ActiveCfg = Release|x64
		{972ACDB0-A912-3138-B899-683084EA82D1}.Release|x64.Build.0 = Release|x64
		{972ACDB0-A912-3138-B899-683084EA82D1}.Release|x86.ActiveCfg = Release|x64
		{972ACDB0-A912-3138-B899-683084EA82D1}.Release|x86.Build.0 = Release|x64
		{A851D73B-DB14-4DF9-8713-2DE9FE88379A}.Debug|ARM.ActiveCfg = Debug|x64
		{A851D73B-DB14-4DF9-8713-2DE9FE88379A}.Debug|ARM.Build.0 = Debug|x64
		{A851D73B-DB14-4DF9-8713-2DE9FE88379A}.Debug|ARM64.ActiveCfg = Debug|x64
		{A851D73B-DB14-4DF9-8713-2DE9FE88379A}.Debug|ARM64.Build.0 = Debug|x64
		{A851D73B-DB14-4DF9-8713-2DE9FE88379A}.Debug|x64.ActiveCfg = Debug|x64
		{A851D73B-DB14-4DF9-8713-2DE9FE88379A}.Debug|x64.Build.0 = Debug|x64
		{A851D73B-DB14-4DF9-8713-2DE9FE88379A}.Debug|x86.ActiveCfg = Debug|x64
		{A851D73B-DB14-4DF9-8713-2DE9FE88379A}.Debug|x86.Build.0 = Debug|x64
		{A851D73B-DB14-4DF9-8713-2DE9FE88379A}.Release|ARM.ActiveCfg = Release|x64
		{A851D73B-DB14-4DF9-8713-2DE9FE88379A}.Release|ARM.Build.0 = Release|x64
		{A851D73B-DB14-4DF9-8713-2DE9FE88379A}.Release|ARM64.ActiveCfg = Release|x64
		{A851D73B-DB14-4DF9-8713-2DE9FE88379A}.Release|ARM64.Build.0 = Release|x64
		{A851D73B-DB14-4DF9-8713-2DE9FE88379A}.Release|x64.ActiveCfg = Release|x64
		{A851D73B-DB14-4DF9-8713-2DE9FE88379A}.Release|x64.Build.0 = Release|x64
		{A851D73B-DB14-4DF9-8713-2DE9FE88379A}.Release|x86.ActiveCfg = Release|x64
		{A851D73B-DB14-4DF9-8713-2DE9FE88379A}.Release|x86.Build.0 = Release|x64
	EndGlobalSection
	GlobalSection(SolutionProperties) = preSolution
		HideSolutionNode = FALSE
	EndGlobalSection
	GlobalSection(ExtensibilityGlobals) = postSolution
		SolutionGuid = {C5FC5E96-1B56-453A-93DA-B4D08E63517E}
	EndGlobalSection
EndGlobal
